
Microsoft Visual Studio Solution File, Format Version 12.00
# Visual Studio Version 16
VisualStudioVersion = 16.0.29806.167
MinimumVisualStudioVersion = 10.0.40219.1
Project("{FAE04EC0-301F-11D3-BF4B-00C04F79EFBC}") = "BookListRazor", "BookListRazor.csproj", "{3FF6DC5B-9EE6-41FB-B44D-68DF5D9F08B7}"
EndProject
Global
	GlobalSection(SolutionConfigurationPlatforms) = preSolution
		Debug|Any CPU = Debug|Any CPU
		Release|Any CPU = Release|Any CPU
	EndGlobalSection
	GlobalSection(ProjectConfigurationPlatforms) = postSolution
		{3FF6DC5B-9EE6-41FB-B44D-68DF5D9F08B7}.Debug|Any CPU.ActiveCfg = Debug|Any CPU
		{3FF6DC5B-9EE6-41FB-B44D-68DF5D9F08B7}.Debug|Any CPU.Build.0 = Debug|Any CPU
		{3FF6DC5B-9EE6-41FB-B44D-68DF5D9F08B7}.Release|Any CPU.ActiveCfg = Release|Any CPU
		{3FF6DC5B-9EE6-41FB-B44D-68DF5D9F08B7}.Release|Any CPU.Build.0 = Release|Any CPU
	EndGlobalSection
	GlobalSection(SolutionProperties) = preSolution
		HideSolutionNode = FALSE
	EndGlobalSection
	GlobalSection(ExtensibilityGlobals) = postSolution
		SolutionGuid = {9DA13298-63EC-49EC-9704-A53DA2DBF061}
	EndGlobalSection
EndGlobal
